
Microsoft Visual Studio Solution File, Format Version 12.00
# Visual Studio Version 16
VisualStudioVersion = 16.0.29230.47
MinimumVisualStudioVersion = 10.0.40219.1
Project("{9A19103F-16F7-4668-BE54-9A1E7A4F7556}") = "LINQsterConsole", "LINQsterConsole\LINQsterConsole.csproj", "{0BF65B7C-6278-4627-A0E9-E114096BDB7A}"
EndProject
Project("{9A19103F-16F7-4668-BE54-9A1E7A4F7556}") = "CSharp2SqlLibrary", "..\CSharp2SqlSolution\CSharp2SqlLibrary\CSharp2SqlLibrary.csproj", "{AB0C19D8-53DC-48C3-A011-6769A5A2F65F}"
EndProject
Global
	GlobalSection(SolutionConfigurationPlatforms) = preSolution
		Debug|Any CPU = Debug|Any CPU
		Release|Any CPU = Release|Any CPU
	EndGlobalSection
	GlobalSection(ProjectConfigurationPlatforms) = postSolution
		{0BF65B7C-6278-4627-A0E9-E114096BDB7A}.Debug|Any CPU.ActiveCfg = Debug|Any CPU
		{0BF65B7C-6278-4627-A0E9-E114096BDB7A}.Debug|Any CPU.Build.0 = Debug|Any CPU
		{0BF65B7C-6278-4627-A0E9-E114096BDB7A}.Release|Any CPU.ActiveCfg = Release|Any CPU
		{0BF65B7C-6278-4627-A0E9-E114096BDB7A}.Release|Any CPU.Build.0 = Release|Any CPU
		{AB0C19D8-53DC-48C3-A011-6769A5A2F65F}.Debug|Any CPU.ActiveCfg = Debug|Any CPU
		{AB0C19D8-53DC-48C3-A011-6769A5A2F65F}.Debug|Any CPU.Build.0 = Debug|Any CPU
		{AB0C19D8-53DC-48C3-A011-6769A5A2F65F}.Release|Any CPU.ActiveCfg = Release|Any CPU
		{AB0C19D8-53DC-48C3-A011-6769A5A2F65F}.Release|Any CPU.Build.0 = Release|Any CPU
	EndGlobalSection
	GlobalSection(SolutionProperties) = preSolution
		HideSolutionNode = FALSE
	EndGlobalSection
	GlobalSection(ExtensibilityGlobals) = postSolution
		SolutionGuid = {BCC52451-A4F4-4958-9E7C-9C0F1F5FCCC2}
	EndGlobalSection
EndGlobal
